
Microsoft Visual Studio Solution File, Format Version 12.00
# Visual Studio Version 17
VisualStudioVersion = 17.0.31903.59
MinimumVisualStudioVersion = 10.0.40219.1
Project("{FAE04EC0-301F-11D3-BF4B-00C04F79EFBC}") = "DiscardAdvisor.Plugin", "src\DiscardAdvisor.Plugin\DiscardAdvisor.Plugin.csproj", "{A7BF7CAB-BDA0-4090-A70F-E0F9B435D52F}"
EndProject
Project("{FAE04EC0-301F-11D3-BF4B-00C04F79EFBC}") = "DiscardAdvisor.Plugin.Tests", "tests\DiscardAdvisor.Plugin.Tests\DiscardAdvisor.Plugin.Tests.csproj", "{97DC403B-E19F-4F47-A476-D5893E7F513E}"
EndProject
Project("{FAE04EC0-301F-11D3-BF4B-00C04F79EFBC}") = "DiscardAdvisor.Domain", "src\DiscardAdvisor.Domain\DiscardAdvisor.Domain.csproj", "{395D9241-9C38-45CB-9EE6-82DF6A4C9442}"
EndProject
Project("{FAE04EC0-301F-11D3-BF4B-00C04F79EFBC}") = "DiscardAdvisor.Rules", "src\DiscardAdvisor.Rules\DiscardAdvisor.Rules.csproj", "{73FFB51D-4692-4BF4-AB13-C2CCAE8570EB}"
EndProject
Project("{FAE04EC0-301F-11D3-BF4B-00C04F79EFBC}") = "DiscardAdvisor.Rules.Tests", "tests\DiscardAdvisor.Rules.Tests\DiscardAdvisor.Rules.Tests.csproj", "{36816908-69A0-4F11-8CB8-2104AA2734D1}"
EndProject
Project("{FAE04EC0-301F-11D3-BF4B-00C04F79EFBC}") = "DiscardAdvisor.Search", "src\DiscardAdvisor.Search\DiscardAdvisor.Search.csproj", "{0FDC6CB1-AC47-405C-91A6-FB1466F26D56}"
EndProject
Project("{FAE04EC0-301F-11D3-BF4B-00C04F79EFBC}") = "DiscardAdvisor.Search.Tests", "tests\DiscardAdvisor.Search.Tests\DiscardAdvisor.Search.Tests.csproj", "{B73C0861-C7C1-4B17-B1AD-189631E718A9}"
EndProject
Project("{FAE04EC0-301F-11D3-BF4B-00C04F79EFBC}") = "DiscardAdvisor.Search.Benchmarks", "benchmarks\DiscardAdvisor.Search.Benchmarks\DiscardAdvisor.Search.Benchmarks.csproj", "{E09F4EEB-0866-4BB6-A060-C0DF504F32DA}"
EndProject
Project("{FAE04EC0-301F-11D3-BF4B-00C04F79EFBC}") = "DiscardAdvisor.Llm", "src\DiscardAdvisor.Llm\DiscardAdvisor.Llm.csproj", "{0D6AE96A-E127-46D6-BA98-5F1914183CD9}"
EndProject
Project("{FAE04EC0-301F-11D3-BF4B-00C04F79EFBC}") = "DiscardAdvisor.Llm.Tests", "tests\DiscardAdvisor.Llm.Tests\DiscardAdvisor.Llm.Tests.csproj", "{143D7616-8401-4645-BC58-8A78B0A4DB78}"
EndProject
Global
	GlobalSection(SolutionConfigurationPlatforms) = preSolution
		Debug|x64 = Debug|x64
		Release|x64 = Release|x64
	EndGlobalSection
	GlobalSection(ProjectConfigurationPlatforms) = postSolution
		{A7BF7CAB-BDA0-4090-A70F-E0F9B435D52F}.Debug|x64.ActiveCfg = Debug|Any CPU
		{A7BF7CAB-BDA0-4090-A70F-E0F9B435D52F}.Debug|x64.Build.0 = Debug|Any CPU
		{A7BF7CAB-BDA0-4090-A70F-E0F9B435D52F}.Release|x64.ActiveCfg = Release|Any CPU
		{A7BF7CAB-BDA0-4090-A70F-E0F9B435D52F}.Release|x64.Build.0 = Release|Any CPU
		{97DC403B-E19F-4F47-A476-D5893E7F513E}.Debug|x64.ActiveCfg = Debug|Any CPU
		{97DC403B-E19F-4F47-A476-D5893E7F513E}.Debug|x64.Build.0 = Debug|Any CPU
		{97DC403B-E19F-4F47-A476-D5893E7F513E}.Release|x64.ActiveCfg = Release|Any CPU
		{97DC403B-E19F-4F47-A476-D5893E7F513E}.Release|x64.Build.0 = Release|Any CPU
		{395D9241-9C38-45CB-9EE6-82DF6A4C9442}.Debug|x64.ActiveCfg = Debug|Any CPU
		{395D9241-9C38-45CB-9EE6-82DF6A4C9442}.Debug|x64.Build.0 = Debug|Any CPU
		{395D9241-9C38-45CB-9EE6-82DF6A4C9442}.Release|x64.ActiveCfg = Release|Any CPU
		{395D9241-9C38-45CB-9EE6-82DF6A4C9442}.Release|x64.Build.0 = Release|Any CPU
		{73FFB51D-4692-4BF4-AB13-C2CCAE8570EB}.Debug|x64.ActiveCfg = Debug|Any CPU
		{73FFB51D-4692-4BF4-AB13-C2CCAE8570EB}.Debug|x64.Build.0 = Debug|Any CPU
		{73FFB51D-4692-4BF4-AB13-C2CCAE8570EB}.Release|x64.ActiveCfg = Release|Any CPU
		{73FFB51D-4692-4BF4-AB13-C2CCAE8570EB}.Release|x64.Build.0 = Release|Any CPU
		{36816908-69A0-4F11-8CB8-2104AA2734D1}.Debug|x64.ActiveCfg = Debug|Any CPU
		{36816908-69A0-4F11-8CB8-2104AA2734D1}.Debug|x64.Build.0 = Debug|Any CPU
		{36816908-69A0-4F11-8CB8-2104AA2734D1}.Release|x64.ActiveCfg = Release|Any CPU
		{36816908-69A0-4F11-8CB8-2104AA2734D1}.Release|x64.Build.0 = Release|Any CPU
		{0FDC6CB1-AC47-405C-91A6-FB1466F26D56}.Debug|x64.ActiveCfg = Debug|Any CPU
		{0FDC6CB1-AC47-405C-91A6-FB1466F26D56}.Debug|x64.Build.0 = Debug|Any CPU
		{0FDC6CB1-AC47-405C-91A6-FB1466F26D56}.Release|x64.ActiveCfg = Release|Any CPU
		{0FDC6CB1-AC47-405C-91A6-FB1466F26D56}.Release|x64.Build.0 = Release|Any CPU
		{B73C0861-C7C1-4B17-B1AD-189631E718A9}.Debug|x64.ActiveCfg = Debug|Any CPU
		{B73C0861-C7C1-4B17-B1AD-189631E718A9}.Debug|x64.Build.0 = Debug|Any CPU
		{B73C0861-C7C1-4B17-B1AD-189631E718A9}.Release|x64.ActiveCfg = Release|Any CPU
		{B73C0861-C7C1-4B17-B1AD-189631E718A9}.Release|x64.Build.0 = Release|Any CPU
		{E09F4EEB-0866-4BB6-A060-C0DF504F32DA}.Debug|x64.ActiveCfg = Debug|Any CPU
		{E09F4EEB-0866-4BB6-A060-C0DF504F32DA}.Debug|x64.Build.0 = Debug|Any CPU
		{E09F4EEB-0866-4BB6-A060-C0DF504F32DA}.Release|x64.ActiveCfg = Release|Any CPU
		{E09F4EEB-0866-4BB6-A060-C0DF504F32DA}.Release|x64.Build.0 = Release|Any CPU
		{0D6AE96A-E127-46D6-BA98-5F1914183CD9}.Debug|x64.ActiveCfg = Debug|Any CPU
		{0D6AE96A-E127-46D6-BA98-5F1914183CD9}.Debug|x64.Build.0 = Debug|Any CPU
		{0D6AE96A-E127-46D6-BA98-5F1914183CD9}.Release|x64.ActiveCfg = Release|Any CPU
		{0D6AE96A-E127-46D6-BA98-5F1914183CD9}.Release|x64.Build.0 = Release|Any CPU
		{143D7616-8401-4645-BC58-8A78B0A4DB78}.Debug|x64.ActiveCfg = Debug|Any CPU
		{143D7616-8401-4645-BC58-8A78B0A4DB78}.Debug|x64.Build.0 = Debug|Any CPU
		{143D7616-8401-4645-BC58-8A78B0A4DB78}.Release|x64.ActiveCfg = Release|Any CPU
		{143D7616-8401-4645-BC58-8A78B0A4DB78}.Release|x64.Build.0 = Release|Any CPU
	EndGlobalSection
EndGlobal
