
Microsoft Visual Studio Solution File, Format Version 12.00
# Visual Studio Version 17
VisualStudioVersion = 17.0.31903.59
MinimumVisualStudioVersion = 10.0.40219.1
Project("{FAE04EC0-301F-11D3-BF4B-00C04F79EFBC}") = "DiscardAdvisor.Plugin", "src\DiscardAdvisor.Plugin\DiscardAdvisor.Plugin.csproj", "{A7BF7CAB-BDA0-4090-A70F-E0F9B435D52F}"
EndProject
Project("{FAE04EC0-301F-11D3-BF4B-00C04F79EFBC}") = "DiscardAdvisor.Plugin.Tests", "tests\DiscardAdvisor.Plugin.Tests\DiscardAdvisor.Plugin.Tests.csproj", "{97DC403B-E19F-4F47-A476-D5893E7F513E}"
EndProject
Project("{FAE04EC0-301F-11D3-BF4B-00C04F79EFBC}") = "DiscardAdvisor.Domain", "src\DiscardAdvisor.Domain\DiscardAdvisor.Domain.csproj", "{395D9241-9C38-45CB-9EE6-82DF6A4C9442}"
EndProject
Global
	GlobalSection(SolutionConfigurationPlatforms) = preSolution
		Debug|x64 = Debug|x64
		Release|x64 = Release|x64
	EndGlobalSection
	GlobalSection(ProjectConfigurationPlatforms) = postSolution
		{A7BF7CAB-BDA0-4090-A70F-E0F9B435D52F}.Debug|x64.ActiveCfg = Debug|Any CPU
		{A7BF7CAB-BDA0-4090-A70F-E0F9B435D52F}.Debug|x64.Build.0 = Debug|Any CPU
		{A7BF7CAB-BDA0-4090-A70F-E0F9B435D52F}.Release|x64.ActiveCfg = Release|Any CPU
		{A7BF7CAB-BDA0-4090-A70F-E0F9B435D52F}.Release|x64.Build.0 = Release|Any CPU
		{97DC403B-E19F-4F47-A476-D5893E7F513E}.Debug|x64.ActiveCfg = Debug|Any CPU
		{97DC403B-E19F-4F47-A476-D5893E7F513E}.Debug|x64.Build.0 = Debug|Any CPU
		{97DC403B-E19F-4F47-A476-D5893E7F513E}.Release|x64.ActiveCfg = Release|Any CPU
		{97DC403B-E19F-4F47-A476-D5893E7F513E}.Release|x64.Build.0 = Release|Any CPU
		{395D9241-9C38-45CB-9EE6-82DF6A4C9442}.Debug|x64.ActiveCfg = Debug|Any CPU
		{395D9241-9C38-45CB-9EE6-82DF6A4C9442}.Debug|x64.Build.0 = Debug|Any CPU
		{395D9241-9C38-45CB-9EE6-82DF6A4C9442}.Release|x64.ActiveCfg = Release|Any CPU
		{395D9241-9C38-45CB-9EE6-82DF6A4C9442}.Release|x64.Build.0 = Release|Any CPU
	EndGlobalSection
EndGlobal
